<?xml version="1.0" encoding="utf-8"?>
<Project ToolsVersion="4.0" xmlns="http://schemas.microsoft.com/developer/msbuild/2003">
  <ItemGroup>
    <Filter Include="app">
      <UniqueIdentifier>{757ed601-815e-41a0-94e2-c992e8576505}</UniqueIdentifier>
    </Filter>
    <Filter Include="vpulibrary">
      <UniqueIdentifier>{71587cda-862f-444a-9264-a66c81291193}</UniqueIdentifier>
    </Filter>
  </ItemGroup>
  <ItemGroup>
    <None Include="..\test\Makefile">
      <Filter>app</Filter>
    </None>
    <None Include="..\Android.mk">
      <Filter>vpulibrary</Filter>
    </None>
    <None Include="..\env.mk">
      <Filter>vpulibrary</Filter>
    </None>
    <None Include="..\Makefile">
      <Filter>vpulibrary</Filter>
    </None>
  </ItemGroup>
  <ItemGroup>
    <ClCompile Include="..\test\dec_main.c">
      <Filter>app</Filter>
    </ClCompile>
    <ClCompile Include="..\test\display.c">
      <Filter>app</Filter>
    </ClCompile>
    <ClCompile Include="..\nx_alloc_mem_ion.c">
      <Filter>vpulibrary</Filter>
    </ClCompile>
    <ClCompile Include="..\nx_video_api.c">
      <Filter>vpulibrary</Filter>
    </ClCompile>
    <ClCompile Include="..\test\enc_main.c">
      <Filter>app</Filter>
    </ClCompile>
    <ClCompile Include="..\test\vip.c">
      <Filter>app</Filter>
    </ClCompile>
    <ClCompile Include="..\test\queue.c">
      <Filter>app</Filter>
    </ClCompile>
    <ClCompile Include="..\test\codec_info.c">
      <Filter>app</Filter>
    </ClCompile>
    <ClCompile Include="..\test\jpg_main.c">
      <Filter>app</Filter>
    </ClCompile>
  </ItemGroup>
  <ItemGroup>
    <ClInclude Include="..\test\display.h">
      <Filter>app</Filter>
    </ClInclude>
    <ClInclude Include="..\nx_video_api.h">
      <Filter>vpulibrary</Filter>
    </ClInclude>
    <ClInclude Include="..\vpu_drv_ioctl.h">
      <Filter>vpulibrary</Filter>
    </ClInclude>
    <ClInclude Include="..\vpu_types.h">
      <Filter>vpulibrary</Filter>
    </ClInclude>
    <ClInclude Include="..\api_osapi.h">
      <Filter>vpulibrary</Filter>
    </ClInclude>
    <ClInclude Include="..\nx_alloc_mem.h">
      <Filter>vpulibrary</Filter>
    </ClInclude>
    <ClInclude Include="..\nx_fourcc.h">
      <Filter>vpulibrary</Filter>
    </ClInclude>
    <ClInclude Include="..\test\vip.h">
      <Filter>app</Filter>
    </ClInclude>
    <ClInclude Include="..\test\queue.h">
      <Filter>app</Filter>
    </ClInclude>
    <ClInclude Include="..\test\codec_info.h">
      <Filter>app</Filter>
    </ClInclude>
  </ItemGroup>
</Project>