<?xml version="1.0" encoding="utf-8"?>
<Project ToolsVersion="4.0" xmlns="http://schemas.microsoft.com/developer/msbuild/2003">
  <ItemGroup>
    <Filter Include="codec">
      <UniqueIdentifier>{fd571b06-008e-4d03-a9af-1bdba00f9b04}</UniqueIdentifier>
    </Filter>
    <Filter Include="codec\video">
      <UniqueIdentifier>{b08f3153-1323-4a99-a738-eaf58a37889a}</UniqueIdentifier>
    </Filter>
    <Filter Include="codec\video\coda960">
      <UniqueIdentifier>{ee133f10-5ba9-4f1c-8970-12ae2875fc5a}</UniqueIdentifier>
    </Filter>
    <Filter Include="components">
      <UniqueIdentifier>{bda2fabc-9eb0-4bca-a57d-12d5cca49d28}</UniqueIdentifier>
    </Filter>
    <Filter Include="components\video">
      <UniqueIdentifier>{5ea4e59b-3afa-4426-a88c-137fec1b28d5}</UniqueIdentifier>
    </Filter>
    <Filter Include="components\base">
      <UniqueIdentifier>{e4965916-e0d1-46f0-a20f-10fd1c4c02aa}</UniqueIdentifier>
    </Filter>
    <Filter Include="components\video\coda960_video_decoder">
      <UniqueIdentifier>{3f127deb-cad9-40f6-b1c7-5a399ac8fbcd}</UniqueIdentifier>
    </Filter>
    <Filter Include="core">
      <UniqueIdentifier>{f4f2cbff-e079-405b-adf3-be2111d7b373}</UniqueIdentifier>
    </Filter>
    <Filter Include="stagefrighthw">
      <UniqueIdentifier>{a0d8d7e1-d23c-4301-8fc2-05fea4629236}</UniqueIdentifier>
    </Filter>
    <Filter Include="components\video\coda960_video_encoder">
      <UniqueIdentifier>{ff1092ee-39cb-450c-9afc-00089683f408}</UniqueIdentifier>
    </Filter>
    <Filter Include="components\common">
      <UniqueIdentifier>{100c5b58-19b1-4e34-80e6-24e67b53f5d5}</UniqueIdentifier>
    </Filter>
    <Filter Include="extractor">
      <UniqueIdentifier>{e5ddfee9-ea78-40de-8d5e-bb8d6faa21c6}</UniqueIdentifier>
    </Filter>
    <Filter Include="extractor\ffmpeg">
      <UniqueIdentifier>{20fa4085-267f-4019-a21c-8990268a9faa}</UniqueIdentifier>
    </Filter>
    <Filter Include="codec\FFMPEG">
      <UniqueIdentifier>{31e64577-47b8-4a61-9522-7c40356f7955}</UniqueIdentifier>
    </Filter>
    <Filter Include="components\audio">
      <UniqueIdentifier>{ff524f5f-cc77-4615-bef5-f884222c0f84}</UniqueIdentifier>
    </Filter>
    <Filter Include="components\audio\audio_decoder_ffmpeg">
      <UniqueIdentifier>{b3eae709-5fec-4ea9-9d6d-e057dd96cedd}</UniqueIdentifier>
    </Filter>
  </ItemGroup>
  <ItemGroup>
    <None Include="..\Android.mk" />
    <None Include="..\codec\Android.mk">
      <Filter>codec</Filter>
    </None>
    <None Include="..\codec\video\coda960\Android.mk">
      <Filter>codec\video\coda960</Filter>
    </None>
    <None Include="..\components\Android.mk">
      <Filter>components</Filter>
    </None>
    <None Include="..\components\base\Android.mk">
      <Filter>components\base</Filter>
    </None>
    <None Include="..\components\video\coda960_video_decoder\Android.mk">
      <Filter>components\video\coda960_video_decoder</Filter>
    </None>
    <None Include="..\core\Android.mk">
      <Filter>core</Filter>
    </None>
    <None Include="..\libstagefrighthw\Android.mk">
      <Filter>stagefrighthw</Filter>
    </None>
    <None Include="..\components\video\coda960_video_encoder\Android.mk">
      <Filter>components\video\coda960_video_encoder</Filter>
    </None>
    <None Include="..\common\Android.mk">
      <Filter>components\common</Filter>
    </None>
    <None Include="..\extractor\ffmpeg\Android.mk">
      <Filter>extractor\ffmpeg</Filter>
    </None>
    <None Include="..\codec\ffmpeg\libs\libavcodec-1.2.so">
      <Filter>codec\FFMPEG</Filter>
    </None>
    <None Include="..\codec\ffmpeg\libs\libavdevice-1.2.so">
      <Filter>codec\FFMPEG</Filter>
    </None>
    <None Include="..\codec\ffmpeg\libs\libavfilter-1.2.so">
      <Filter>codec\FFMPEG</Filter>
    </None>
    <None Include="..\codec\ffmpeg\libs\libavformat-1.2.so">
      <Filter>codec\FFMPEG</Filter>
    </None>
    <None Include="..\codec\ffmpeg\libs\libavresample-1.2.so">
      <Filter>codec\FFMPEG</Filter>
    </None>
    <None Include="..\codec\ffmpeg\libs\libavutil-1.2.so">
      <Filter>codec\FFMPEG</Filter>
    </None>
    <None Include="..\components\audio\audio_decoder_ffmpeg\Android.mk">
      <Filter>components\audio\audio_decoder_ffmpeg</Filter>
    </None>
  </ItemGroup>
  <ItemGroup>
    <ClInclude Include="..\codec\video\coda960\vpu_types.h">
      <Filter>codec\video\coda960</Filter>
    </ClInclude>
    <ClInclude Include="..\codec\video\coda960\api_osapi.h">
      <Filter>codec\video\coda960</Filter>
    </ClInclude>
    <ClInclude Include="..\codec\video\coda960\nx_alloc_mem.h">
      <Filter>codec\video\coda960</Filter>
    </ClInclude>
    <ClInclude Include="..\codec\video\coda960\nx_fourcc.h">
      <Filter>codec\video\coda960</Filter>
    </ClInclude>
    <ClInclude Include="..\codec\video\coda960\nx_video_api.h">
      <Filter>codec\video\coda960</Filter>
    </ClInclude>
    <ClInclude Include="..\codec\video\coda960\vpu_drv_ioctl.h">
      <Filter>codec\video\coda960</Filter>
    </ClInclude>
    <ClInclude Include="..\components\base\NX_OMXCommon.h">
      <Filter>components\base</Filter>
    </ClInclude>
    <ClInclude Include="..\components\base\NX_OMXBaseComponent.h">
      <Filter>components\base</Filter>
    </ClInclude>
    <ClInclude Include="..\components\base\NX_OMXBasePort.h">
      <Filter>components\base</Filter>
    </ClInclude>
    <ClInclude Include="..\components\video\coda960_video_decoder\NX_OMXVideoDecoder.h">
      <Filter>components\video\coda960_video_decoder</Filter>
    </ClInclude>
    <ClInclude Include="..\libstagefrighthw\NX_OMXPlugin.h">
      <Filter>stagefrighthw</Filter>
    </ClInclude>
    <ClInclude Include="..\components\video\coda960_video_encoder\NX_OMXVideoEncoder.h">
      <Filter>components\video\coda960_video_encoder</Filter>
    </ClInclude>
    <ClInclude Include="..\extractor\ffmpeg\FFmpegExtractor.h">
      <Filter>extractor\ffmpeg</Filter>
    </ClInclude>
    <ClInclude Include="..\extractor\ffmpeg\ffmpeg_utils.h">
      <Filter>extractor\ffmpeg</Filter>
    </ClInclude>
    <ClInclude Include="..\extractor\ffmpeg\ffmpeg_source.h">
      <Filter>extractor\ffmpeg</Filter>
    </ClInclude>
    <ClInclude Include="..\components\audio\audio_decoder_ffmpeg\NX_OMXAudioDecoderFFMpeg.h">
      <Filter>components\audio\audio_decoder_ffmpeg</Filter>
    </ClInclude>
    <ClInclude Include="..\components\video\coda960_video_decoder\DecodeFrame.h">
      <Filter>components\video\coda960_video_decoder</Filter>
    </ClInclude>
  </ItemGroup>
  <ItemGroup>
    <ClCompile Include="..\codec\video\coda960\nx_alloc_mem_ion.c">
      <Filter>codec\video\coda960</Filter>
    </ClCompile>
    <ClCompile Include="..\codec\video\coda960\nx_video_api.c">
      <Filter>codec\video\coda960</Filter>
    </ClCompile>
    <ClCompile Include="..\components\base\NX_OMXBaseComponent.c">
      <Filter>components\base</Filter>
    </ClCompile>
    <ClCompile Include="..\components\base\NX_OMXBasePort.c">
      <Filter>components\base</Filter>
    </ClCompile>
    <ClCompile Include="..\components\base\NX_OMXCommon.c">
      <Filter>components\base</Filter>
    </ClCompile>
    <ClCompile Include="..\components\video\coda960_video_decoder\NX_OMXVideoDecoder.c">
      <Filter>components\video\coda960_video_decoder</Filter>
    </ClCompile>
    <ClCompile Include="..\core\NX_OMXCore.c">
      <Filter>core</Filter>
    </ClCompile>
    <ClCompile Include="..\libstagefrighthw\NX_OMXPlugin.cpp">
      <Filter>stagefrighthw</Filter>
    </ClCompile>
    <ClCompile Include="..\components\video\coda960_video_encoder\NX_OMXVideoEncoder.c">
      <Filter>components\video\coda960_video_encoder</Filter>
    </ClCompile>
    <ClCompile Include="..\common\NX_OMXDebugMsg.c">
      <Filter>components\common</Filter>
    </ClCompile>
    <ClCompile Include="..\common\NX_OMXQueue.c">
      <Filter>components\common</Filter>
    </ClCompile>
    <ClCompile Include="..\common\NX_OMXSemaphore.c">
      <Filter>components\common</Filter>
    </ClCompile>
    <ClCompile Include="..\extractor\ffmpeg\FFmpegExtractor.cpp">
      <Filter>extractor\ffmpeg</Filter>
    </ClCompile>
    <ClCompile Include="..\extractor\ffmpeg\ffmpeg_source.cpp">
      <Filter>extractor\ffmpeg</Filter>
    </ClCompile>
    <ClCompile Include="..\extractor\ffmpeg\ffmpeg_utils.cpp">
      <Filter>extractor\ffmpeg</Filter>
    </ClCompile>
    <ClCompile Include="..\components\audio\audio_decoder_ffmpeg\NX_OMXAudioDecoderFFMpeg.c">
      <Filter>components\audio\audio_decoder_ffmpeg</Filter>
    </ClCompile>
    <ClCompile Include="..\components\video\coda960_video_decoder\NX_AVCDecoder.c">
      <Filter>components\video\coda960_video_decoder</Filter>
    </ClCompile>
    <ClCompile Include="..\components\video\coda960_video_decoder\NX_MPEG4Decoder.c">
      <Filter>components\video\coda960_video_decoder</Filter>
    </ClCompile>
    <ClCompile Include="..\components\video\coda960_video_decoder\NX_RVDecoder.c">
      <Filter>components\video\coda960_video_decoder</Filter>
    </ClCompile>
    <ClCompile Include="..\components\video\coda960_video_decoder\NX_VC1Decoder.c">
      <Filter>components\video\coda960_video_decoder</Filter>
    </ClCompile>
    <ClCompile Include="..\components\video\coda960_video_decoder\NX_Div3Decoder.c">
      <Filter>components\video\coda960_video_decoder</Filter>
    </ClCompile>
  </ItemGroup>
</Project>